Microsoft Visual Studio Solution File, Format Version 12.00
# Visual Studio 15
VisualStudioVersion = 15.0.28010.2003
MinimumVisualStudioVersion = 10.0.40219.1
Project("{9A19103F-16F7-4668-BE54-9A1E7A4F7556}") = "TestDeveloper", "src\TestDeveloper\TestDeveloper.csproj", "{86327797-3FE4-4A52-A07C-011DA9B9876A}"
EndProject
Project("{FAE04EC0-301F-11D3-BF4B-00C04F79EFBC}") = "TestDeveloper.Droid", "src\TestDeveloper.Droid\TestDeveloper.Droid.csproj", "{FED2669A-E2BA-4FC6-8A94-CE91B8CE3563}"
EndProject
Project("{FAE04EC0-301F-11D3-BF4B-00C04F79EFBC}") = "TestDeveloper.iOS", "src\TestDeveloper.iOS\TestDeveloper.iOS.csproj", "{67C1645C-C309-4C52-A8AC-20FC0604E9C6}"
EndProject
Project("{2150E333-8FDC-42A3-9474-1A3956D46DE8}") = "src", "src", "{FB03C079-AF4F-48E7-A44A-61DFF4DFDA36}"
EndProject
Project("{2150E333-8FDC-42A3-9474-1A3956D46DE8}") = "Solution Items", "Solution Items", "{945DF4DF-8E59-4506-984E-C1308D833E0D}"
	ProjectSection(SolutionItems) = preProject
		.editorconfig = .editorconfig
	EndProjectSection
EndProject
Global
	GlobalSection(SolutionConfigurationPlatforms) = preSolution
		Ad-Hoc|Any CPU = Ad-Hoc|Any CPU
		Ad-Hoc|iPhone = Ad-Hoc|iPhone
		Ad-Hoc|iPhoneSimulator = Ad-Hoc|iPhoneSimulator
		AppStore|Any CPU = AppStore|Any CPU
		AppStore|iPhone = AppStore|iPhone
		AppStore|iPhoneSimulator = AppStore|iPhoneSimulator
		Debug|Any CPU = Debug|Any CPU
		Debug|iPhone = Debug|iPhone
		Debug|iPhoneSimulator = Debug|iPhoneSimulator
		Mock|Any CPU = Mock|Any CPU
		Mock|iPhone = Mock|iPhone
		Mock|iPhoneSimulator = Mock|iPhoneSimulator
		Release|Any CPU = Release|Any CPU
		Release|iPhone = Release|iPhone
		Release|iPhoneSimulator = Release|iPhoneSimulator
	EndGlobalSection
	GlobalSection(ProjectConfigurationPlatforms) = postSolution
		{86327797-3FE4-4A52-A07C-011DA9B9876A}.Ad-Hoc|Any CPU.ActiveCfg = Release|Any CPU
		{86327797-3FE4-4A52-A07C-011DA9B9876A}.Ad-Hoc|Any CPU.Build.0 = Release|Any CPU
		{86327797-3FE4-4A52-A07C-011DA9B9876A}.Ad-Hoc|iPhone.ActiveCfg = Debug|Any CPU
		{86327797-3FE4-4A52-A07C-011DA9B9876A}.Ad-Hoc|iPhone.Build.0 = Debug|Any CPU
		{86327797-3FE4-4A52-A07C-011DA9B9876A}.Ad-Hoc|iPhoneSimulator.ActiveCfg = Release|Any CPU
		{86327797-3FE4-4A52-A07C-011DA9B9876A}.Ad-Hoc|iPhoneSimulator.Build.0 = Release|Any CPU
		{86327797-3FE4-4A52-A07C-011DA9B9876A}.AppStore|Any CPU.ActiveCfg = Release|Any CPU
		{86327797-3FE4-4A52-A07C-011DA9B9876A}.AppStore|Any CPU.Build.0 = Release|Any CPU
		{86327797-3FE4-4A52-A07C-011DA9B9876A}.AppStore|iPhone.ActiveCfg = Debug|Any CPU
		{86327797-3FE4-4A52-A07C-011DA9B9876A}.AppStore|iPhone.Build.0 = Debug|Any CPU
		{86327797-3FE4-4A52-A07C-011DA9B9876A}.AppStore|iPhoneSimulator.ActiveCfg = Release|Any CPU
		{86327797-3FE4-4A52-A07C-011DA9B9876A}.AppStore|iPhoneSimulator.Build.0 = Release|Any CPU
		{86327797-3FE4-4A52-A07C-011DA9B9876A}.Debug|Any CPU.ActiveCfg = Debug|Any CPU
		{86327797-3FE4-4A52-A07C-011DA9B9876A}.Debug|Any CPU.Build.0 = Debug|Any CPU
		{86327797-3FE4-4A52-A07C-011DA9B9876A}.Debug|iPhone.ActiveCfg = Debug|Any CPU
		{86327797-3FE4-4A52-A07C-011DA9B9876A}.Debug|iPhone.Build.0 = Debug|Any CPU
		{86327797-3FE4-4A52-A07C-011DA9B9876A}.Debug|iPhoneSimulator.ActiveCfg = Debug|Any CPU
		{86327797-3FE4-4A52-A07C-011DA9B9876A}.Debug|iPhoneSimulator.Build.0 = Debug|Any CPU
		{86327797-3FE4-4A52-A07C-011DA9B9876A}.Mock|Any CPU.ActiveCfg = Debug|Any CPU
		{86327797-3FE4-4A52-A07C-011DA9B9876A}.Mock|Any CPU.Build.0 = Debug|Any CPU
		{86327797-3FE4-4A52-A07C-011DA9B9876A}.Mock|iPhone.ActiveCfg = Debug|Any CPU
		{86327797-3FE4-4A52-A07C-011DA9B9876A}.Mock|iPhone.Build.0 = Debug|Any CPU
		{86327797-3FE4-4A52-A07C-011DA9B9876A}.Mock|iPhoneSimulator.ActiveCfg = Debug|Any CPU
		{86327797-3FE4-4A52-A07C-011DA9B9876A}.Mock|iPhoneSimulator.Build.0 = Debug|Any CPU
		{86327797-3FE4-4A52-A07C-011DA9B9876A}.Release|Any CPU.ActiveCfg = Release|Any CPU
		{86327797-3FE4-4A52-A07C-011DA9B9876A}.Release|Any CPU.Build.0 = Release|Any CPU
		{86327797-3FE4-4A52-A07C-011DA9B9876A}.Release|iPhone.ActiveCfg = Release|Any CPU
		{86327797-3FE4-4A52-A07C-011DA9B9876A}.Release|iPhone.Build.0 = Release|Any CPU
		{86327797-3FE4-4A52-A07C-011DA9B9876A}.Release|iPhoneSimulator.ActiveCfg = Release|Any CPU
		{86327797-3FE4-4A52-A07C-011DA9B9876A}.Release|iPhoneSimulator.Build.0 = Release|Any CPU
		{FED2669A-E2BA-4FC6-8A94-CE91B8CE3563}.Ad-Hoc|Any CPU.ActiveCfg = Release|Any CPU
		{FED2669A-E2BA-4FC6-8A94-CE91B8CE3563}.Ad-Hoc|Any CPU.Build.0 = Release|Any CPU
		{FED2669A-E2BA-4FC6-8A94-CE91B8CE3563}.Ad-Hoc|Any CPU.Deploy.0 = Release|Any CPU
		{FED2669A-E2BA-4FC6-8A94-CE91B8CE3563}.Ad-Hoc|iPhone.ActiveCfg = Debug|Any CPU
		{FED2669A-E2BA-4FC6-8A94-CE91B8CE3563}.Ad-Hoc|iPhone.Build.0 = Debug|Any CPU
		{FED2669A-E2BA-4FC6-8A94-CE91B8CE3563}.Ad-Hoc|iPhoneSimulator.ActiveCfg = Release|Any CPU
		{FED2669A-E2BA-4FC6-8A94-CE91B8CE3563}.Ad-Hoc|iPhoneSimulator.Build.0 = Release|Any CPU
		{FED2669A-E2BA-4FC6-8A94-CE91B8CE3563}.Ad-Hoc|iPhoneSimulator.Deploy.0 = Release|Any CPU
		{FED2669A-E2BA-4FC6-8A94-CE91B8CE3563}.AppStore|Any CPU.ActiveCfg = Release|Any CPU
		{FED2669A-E2BA-4FC6-8A94-CE91B8CE3563}.AppStore|Any CPU.Build.0 = Release|Any CPU
		{FED2669A-E2BA-4FC6-8A94-CE91B8CE3563}.AppStore|Any CPU.Deploy.0 = Release|Any CPU
		{FED2669A-E2BA-4FC6-8A94-CE91B8CE3563}.AppStore|iPhone.ActiveCfg = Debug|Any CPU
		{FED2669A-E2BA-4FC6-8A94-CE91B8CE3563}.AppStore|iPhone.Build.0 = Debug|Any CPU
		{FED2669A-E2BA-4FC6-8A94-CE91B8CE3563}.AppStore|iPhoneSimulator.ActiveCfg = Release|Any CPU
		{FED2669A-E2BA-4FC6-8A94-CE91B8CE3563}.AppStore|iPhoneSimulator.Build.0 = Release|Any CPU
		{FED2669A-E2BA-4FC6-8A94-CE91B8CE3563}.AppStore|iPhoneSimulator.Deploy.0 = Release|Any CPU
		{FED2669A-E2BA-4FC6-8A94-CE91B8CE3563}.Debug|Any CPU.ActiveCfg = Debug|Any CPU
		{FED2669A-E2BA-4FC6-8A94-CE91B8CE3563}.Debug|Any CPU.Build.0 = Debug|Any CPU
		{FED2669A-E2BA-4FC6-8A94-CE91B8CE3563}.Debug|iPhone.ActiveCfg = Debug|Any CPU
		{FED2669A-E2BA-4FC6-8A94-CE91B8CE3563}.Debug|iPhone.Build.0 = Debug|Any CPU
		{FED2669A-E2BA-4FC6-8A94-CE91B8CE3563}.Debug|iPhoneSimulator.ActiveCfg = Debug|Any CPU
		{FED2669A-E2BA-4FC6-8A94-CE91B8CE3563}.Debug|iPhoneSimulator.Build.0 = Debug|Any CPU
		{FED2669A-E2BA-4FC6-8A94-CE91B8CE3563}.Mock|Any CPU.ActiveCfg = Mock|Any CPU
		{FED2669A-E2BA-4FC6-8A94-CE91B8CE3563}.Mock|Any CPU.Build.0 = Mock|Any CPU
		{FED2669A-E2BA-4FC6-8A94-CE91B8CE3563}.Mock|iPhone.ActiveCfg = Mock|Any CPU
		{FED2669A-E2BA-4FC6-8A94-CE91B8CE3563}.Mock|iPhone.Build.0 = Mock|Any CPU
		{FED2669A-E2BA-4FC6-8A94-CE91B8CE3563}.Mock|iPhoneSimulator.ActiveCfg = Mock|Any CPU
		{FED2669A-E2BA-4FC6-8A94-CE91B8CE3563}.Mock|iPhoneSimulator.Build.0 = Mock|Any CPU
		{FED2669A-E2BA-4FC6-8A94-CE91B8CE3563}.Release|Any CPU.ActiveCfg = Release|Any CPU
		{FED2669A-E2BA-4FC6-8A94-CE91B8CE3563}.Release|Any CPU.Build.0 = Release|Any CPU
		{FED2669A-E2BA-4FC6-8A94-CE91B8CE3563}.Release|iPhone.ActiveCfg = Release|Any CPU
		{FED2669A-E2BA-4FC6-8A94-CE91B8CE3563}.Release|iPhone.Build.0 = Release|Any CPU
		{FED2669A-E2BA-4FC6-8A94-CE91B8CE3563}.Release|iPhoneSimulator.ActiveCfg = Release|Any CPU
		{FED2669A-E2BA-4FC6-8A94-CE91B8CE3563}.Release|iPhoneSimulator.Build.0 = Release|Any CPU
		{67C1645C-C309-4C52-A8AC-20FC0604E9C6}.Ad-Hoc|Any CPU.ActiveCfg = Ad-Hoc|iPhoneSimulator
		{67C1645C-C309-4C52-A8AC-20FC0604E9C6}.Ad-Hoc|iPhone.ActiveCfg = Ad-Hoc|iPhone
		{67C1645C-C309-4C52-A8AC-20FC0604E9C6}.Ad-Hoc|iPhone.Build.0 = Ad-Hoc|iPhone
		{67C1645C-C309-4C52-A8AC-20FC0604E9C6}.Ad-Hoc|iPhoneSimulator.ActiveCfg = Ad-Hoc|iPhoneSimulator
		{67C1645C-C309-4C52-A8AC-20FC0604E9C6}.Ad-Hoc|iPhoneSimulator.Build.0 = Ad-Hoc|iPhoneSimulator
		{67C1645C-C309-4C52-A8AC-20FC0604E9C6}.AppStore|Any CPU.ActiveCfg = AppStore|iPhoneSimulator
		{67C1645C-C309-4C52-A8AC-20FC0604E9C6}.AppStore|iPhone.ActiveCfg = AppStore|iPhone
		{67C1645C-C309-4C52-A8AC-20FC0604E9C6}.AppStore|iPhone.Build.0 = AppStore|iPhone
		{67C1645C-C309-4C52-A8AC-20FC0604E9C6}.AppStore|iPhoneSimulator.ActiveCfg = AppStore|iPhoneSimulator
		{67C1645C-C309-4C52-A8AC-20FC0604E9C6}.AppStore|iPhoneSimulator.Build.0 = AppStore|iPhoneSimulator
		{67C1645C-C309-4C52-A8AC-20FC0604E9C6}.Debug|Any CPU.ActiveCfg = Debug|iPhoneSimulator
		{67C1645C-C309-4C52-A8AC-20FC0604E9C6}.Debug|Any CPU.Build.0 = Debug|iPhoneSimulator
		{67C1645C-C309-4C52-A8AC-20FC0604E9C6}.Debug|iPhone.ActiveCfg = Debug|iPhone
		{67C1645C-C309-4C52-A8AC-20FC0604E9C6}.Debug|iPhone.Build.0 = Debug|iPhone
		{67C1645C-C309-4C52-A8AC-20FC0604E9C6}.Debug|iPhoneSimulator.ActiveCfg = Debug|iPhoneSimulator
		{67C1645C-C309-4C52-A8AC-20FC0604E9C6}.Debug|iPhoneSimulator.Build.0 = Debug|iPhoneSimulator
		{67C1645C-C309-4C52-A8AC-20FC0604E9C6}.Mock|Any CPU.ActiveCfg = Mock|iPhoneSimulator
		{67C1645C-C309-4C52-A8AC-20FC0604E9C6}.Mock|Any CPU.Build.0 = Mock|iPhoneSimulator
		{67C1645C-C309-4C52-A8AC-20FC0604E9C6}.Mock|iPhone.ActiveCfg = Mock|iPhone
		{67C1645C-C309-4C52-A8AC-20FC0604E9C6}.Mock|iPhone.Build.0 = Mock|iPhone
		{67C1645C-C309-4C52-A8AC-20FC0604E9C6}.Mock|iPhoneSimulator.ActiveCfg = Mock|iPhoneSimulator
		{67C1645C-C309-4C52-A8AC-20FC0604E9C6}.Mock|iPhoneSimulator.Build.0 = Mock|iPhoneSimulator
		{67C1645C-C309-4C52-A8AC-20FC0604E9C6}.Release|Any CPU.ActiveCfg = Release|iPhoneSimulator
		{67C1645C-C309-4C52-A8AC-20FC0604E9C6}.Release|Any CPU.Build.0 = Release|iPhoneSimulator
		{67C1645C-C309-4C52-A8AC-20FC0604E9C6}.Release|iPhone.ActiveCfg = Release|iPhone
		{67C1645C-C309-4C52-A8AC-20FC0604E9C6}.Release|iPhone.Build.0 = Release|iPhone
		{67C1645C-C309-4C52-A8AC-20FC0604E9C6}.Release|iPhoneSimulator.ActiveCfg = Release|iPhoneSimulator
		{67C1645C-C309-4C52-A8AC-20FC0604E9C6}.Release|iPhoneSimulator.Build.0 = Release|iPhoneSimulator
	EndGlobalSection
	GlobalSection(SolutionProperties) = preSolution
		HideSolutionNode = FALSE
	EndGlobalSection
	GlobalSection(NestedProjects) = preSolution
		{86327797-3FE4-4A52-A07C-011DA9B9876A} = {FB03C079-AF4F-48E7-A44A-61DFF4DFDA36}
		{FED2669A-E2BA-4FC6-8A94-CE91B8CE3563} = {FB03C079-AF4F-48E7-A44A-61DFF4DFDA36}
		{67C1645C-C309-4C52-A8AC-20FC0604E9C6} = {FB03C079-AF4F-48E7-A44A-61DFF4DFDA36}
	EndGlobalSection
	GlobalSection(ExtensibilityGlobals) = postSolution
		SolutionGuid = {2542C5C2-C86C-46FE-9247-CFF08C7CB86A}
	EndGlobalSection
EndGlobal
